// !$*UTF8*$!
{
	archiveVersion = 1;
	classes = {
	};
	objectVersion = 46;
	objects = {

/* Begin PBXBuildFile section */
		8C18FCEC1CCAE4E700E0B180 /* main.m in Sources */ = {isa = PBXBuildFile; fileRef = 8C18FCEB1CCAE4E700E0B180 /* main.m */; };
		8C18FCEF1CCAE4E700E0B180 /* AppDelegate.m in Sources */ = {isa = PBXBuildFile; fileRef = 8C18FCEE1CCAE4E700E0B180 /* AppDelegate.m */; };
		8C18FCF51CCAE4E700E0B180 /* Main.storyboard in Resources */ = {isa = PBXBuildFile; fileRef = 8C18FCF31CCAE4E700E0B180 /* Main.storyboard */; };
		8C18FCF71CCAE4E700E0B180 /* Assets.xcassets in Resources */ = {isa = PBXBuildFile; fileRef = 8C18FCF61CCAE4E700E0B180 /* Assets.xcassets */; };
		8C18FCFA1CCAE4E700E0B180 /* LaunchScreen.storyboard in Resources */ = {isa = PBXBuildFile; fileRef = 8C18FCF81CCAE4E700E0B180 /* LaunchScreen.storyboard */; };
		8C18FD031CCAE78200E0B180 /* HeroTableViewController.m in Sources */ = {isa = PBXBuildFile; fileRef = 8C18FD021CCAE78200E0B180 /* HeroTableViewController.m */; };
		8C18FD061CCAE7A700E0B180 /* HeroDetailViewController.m in Sources */ = {isa = PBXBuildFile; fileRef = 8C18FD051CCAE7A700E0B180 /* HeroDetailViewController.m */; };
		8C18FD091CCAE84300E0B180 /* Hero.swift in Sources */ = {isa = PBXBuildFile; fileRef = 8C18FD081CCAE84300E0B180 /* Hero.swift */; };
/* End PBXBuildFile section */

/* Begin PBXFileReference section */
		8C18FCE71CCAE4E700E0B180 /* Hero Tracker.app */ = {isa = PBXFileReference; explicitFileType = wrapper.application; includeInIndex = 0; path = "Hero Tracker.app"; sourceTree = BUILT_PRODUCTS_DIR; };
		8C18FCEB1CCAE4E700E0B180 /* main.m */ = {isa = PBXFileReference; lastKnownFileType = sourcecode.c.objc; path = main.m; sourceTree = "<group>"; };
		8C18FCED1CCAE4E700E0B180 /* AppDelegate.h */ = {isa = PBXFileReference; lastKnownFileType = sourcecode.c.h; path = AppDelegate.h; sourceTree = "<group>"; };
		8C18FCEE1CCAE4E700E0B180 /* AppDelegate.m */ = {isa = PBXFileReference; lastKnownFileType = sourcecode.c.objc; path = AppDelegate.m; sourceTree = "<group>"; };
		8C18FCF41CCAE4E700E0B180 /* Base */ = {isa = PBXFileReference; lastKnownFileType = file.storyboard; name = Base; path = Base.lproj/Main.storyboard; sourceTree = "<group>"; };
		8C18FCF61CCAE4E700E0B180 /* Assets.xcassets */ = {isa = PBXFileReference; lastKnownFileType = folder.assetcatalog; path = Assets.xcassets; sourceTree = "<group>"; };
		8C18FCF91CCAE4E700E0B180 /* Base */ = {isa = PBXFileReference; lastKnownFileType = file.storyboard; name = Base; path = Base.lproj/LaunchScreen.storyboard; sourceTree = "<group>"; };
		8C18FCFB1CCAE4E700E0B180 /* Info.plist */ = {isa = PBXFileReference; lastKnownFileType = text.plist.xml; path = Info.plist; sourceTree = "<group>"; };
		8C18FD011CCAE78200E0B180 /* HeroTableViewController.h */ = {isa = PBXFileReference; fileEncoding = 4; lastKnownFileType = sourcecode.c.h; path = HeroTableViewController.h; sourceTree = "<group>"; };
		8C18FD021CCAE78200E0B180 /* HeroTableViewController.m */ = {isa = PBXFileReference; fileEncoding = 4; lastKnownFileType = sourcecode.c.objc; path = HeroTableViewController.m; sourceTree = "<group>"; };
		8C18FD041CCAE7A700E0B180 /* HeroDetailViewController.h */ = {isa = PBXFileReference; fileEncoding = 4; lastKnownFileType = sourcecode.c.h; path = HeroDetailViewController.h; sourceTree = "<group>"; };
		8C18FD051CCAE7A700E0B180 /* HeroDetailViewController.m */ = {isa = PBXFileReference; fileEncoding = 4; lastKnownFileType = sourcecode.c.objc; path = HeroDetailViewController.m; sourceTree = "<group>"; };
		8C18FD071CCAE84200E0B180 /* Hero Tracker-Bridging-Header.h */ = {isa = PBXFileReference; lastKnownFileType = sourcecode.c.h; path = "Hero Tracker-Bridging-Header.h"; sourceTree = "<group>"; };
		8C18FD081CCAE84300E0B180 /* Hero.swift */ = {isa = PBXFileReference; fileEncoding = 4; lastKnownFileType = sourcecode.swift; name = Hero.swift; path = "Hero Tracker/Hero.swift"; sourceTree = "<group>"; };
/* End PBXFileReference section */

/* Begin PBXFrameworksBuildPhase section */
		8C18FCE41CCAE4E700E0B180 /* Frameworks */ = {
			isa = PBXFrameworksBuildPhase;
			buildActionMask = 2147483647;
			files = (
			);
			runOnlyForDeploymentPostprocessing = 0;
		};
/* End PBXFrameworksBuildPhase section */

/* Begin PBXGroup section */
		8C18FCDE1CCAE4E700E0B180 = {
			isa = PBXGroup;
			children = (
				8C18FD081CCAE84300E0B180 /* Hero.swift */,
				8C18FCE91CCAE4E700E0B180 /* Hero Tracker */,
				8C18FCE81CCAE4E700E0B180 /* Products */,
				8C18FD071CCAE84200E0B180 /* Hero Tracker-Bridging-Header.h */,
			);
			sourceTree = "<group>";
		};
		8C18FCE81CCAE4E700E0B180 /* Products */ = {
			isa = PBXGroup;
			children = (
				8C18FCE71CCAE4E700E0B180 /* Hero Tracker.app */,
			);
			name = Products;
			sourceTree = "<group>";
		};
		8C18FCE91CCAE4E700E0B180 /* Hero Tracker */ = {
			isa = PBXGroup;
			children = (
				8C18FCED1CCAE4E700E0B180 /* AppDelegate.h */,
				8C18FCEE1CCAE4E700E0B180 /* AppDelegate.m */,
				8C18FCF31CCAE4E700E0B180 /* Main.storyboard */,
				8C18FD011CCAE78200E0B180 /* HeroTableViewController.h */,
				8C18FD021CCAE78200E0B180 /* HeroTableViewController.m */,
				8C18FD041CCAE7A700E0B180 /* HeroDetailViewController.h */,
				8C18FD051CCAE7A700E0B180 /* HeroDetailViewController.m */,
				8C18FCF61CCAE4E700E0B180 /* Assets.xcassets */,
				8C18FCF81CCAE4E700E0B180 /* LaunchScreen.storyboard */,
				8C18FCFB1CCAE4E700E0B180 /* Info.plist */,
				8C18FCEA1CCAE4E700E0B180 /* Supporting Files */,
			);
			path = "Hero Tracker";
			sourceTree = "<group>";
		};
		8C18FCEA1CCAE4E700E0B180 /* Supporting Files */ = {
			isa = PBXGroup;
			children = (
				8C18FCEB1CCAE4E700E0B180 /* main.m */,
			);
			name = "Supporting Files";
			sourceTree = "<group>";
		};
/* End PBXGroup section */

/* Begin PBXNativeTarget section */
		8C18FCE61CCAE4E700E0B180 /* Hero Tracker */ = {
			isa = PBXNativeTarget;
			buildConfigurationList = 8C18FCFE1CCAE4E700E0B180 /* Build configuration list for PBXNativeTarget "Hero Tracker" */;
			buildPhases = (
				8C18FCE31CCAE4E700E0B180 /* Sources */,
				8C18FCE41CCAE4E700E0B180 /* Frameworks */,
				8C18FCE51CCAE4E700E0B180 /* Resources */,
			);
			buildRules = (
			);
			dependencies = (
			);
			name = "Hero Tracker";
			productName = "Hero Tracker";
			productReference = 8C18FCE71CCAE4E700E0B180 /* Hero Tracker.app */;
			productType = "com.apple.product-type.application";
		};
/* End PBXNativeTarget section */

/* Begin PBXProject section */
		8C18FCDF1CCAE4E700E0B180 /* Project object */ = {
			isa = PBXProject;
			attributes = {
				LastUpgradeCheck = 0730;
				ORGANIZATIONNAME = "Nick Perkins";
				TargetAttributes = {
					8C18FCE61CCAE4E700E0B180 = {
						CreatedOnToolsVersion = 7.3;
						DevelopmentTeam = N9X5Q7FUAG;
					};
				};
			};
			buildConfigurationList = 8C18FCE21CCAE4E700E0B180 /* Build configuration list for PBXProject "Hero Tracker" */;
			compatibilityVersion = "Xcode 3.2";
			developmentRegion = English;
			hasScannedForEncodings = 0;
			knownRegions = (
				en,
				Base,
			);
			mainGroup = 8C18FCDE1CCAE4E700E0B180;
			productRefGroup = 8C18FCE81CCAE4E700E0B180 /* Products */;
			projectDirPath = "";
			projectRoot = "";
			targets = (
				8C18FCE61CCAE4E700E0B180 /* Hero Tracker */,
			);
		};
/* End PBXProject section */

/* Begin PBXResourcesBuildPhase section */
		8C18FCE51CCAE4E700E0B180 /* Resources */ = {
			isa = PBXResourcesBuildPhase;
			buildActionMask = 2147483647;
			files = (
				8C18FCFA1CCAE4E700E0B180 /* LaunchScreen.storyboard in Resources */,
				8C18FCF71CCAE4E700E0B180 /* Assets.xcassets in Resources */,
				8C18FCF51CCAE4E700E0B180 /* Main.storyboard in Resources */,
			);
			runOnlyForDeploymentPostprocessing = 0;
		};
/* End PBXResourcesBuildPhase section */

/* Begin PBXSourcesBuildPhase section */
		8C18FCE31CCAE4E700E0B180 /* Sources */ = {
			isa = PBXSourcesBuildPhase;
			buildActionMask = 2147483647;
			files = (
				8C18FD091CCAE84300E0B180 /* Hero.swift in Sources */,
				8C18FD031CCAE78200E0B180 /* HeroTableViewController.m in Sources */,
				8C18FD061CCAE7A700E0B180 /* HeroDetailViewController.m in Sources */,
				8C18FCEF1CCAE4E700E0B180 /* AppDelegate.m in Sources */,
				8C18FCEC1CCAE4E700E0B180 /* main.m in Sources */,
			);
			runOnlyForDeploymentPostprocessing = 0;
		};
/* End PBXSourcesBuildPhase section */

/* Begin PBXVariantGroup section */
		8C18FCF31CCAE4E700E0B180 /* Main.storyboard */ = {
			isa = PBXVariantGroup;
			children = (
				8C18FCF41CCAE4E700E0B180 /* Base */,
			);
			name = Main.storyboard;
			sourceTree = "<group>";
		};
		8C18FCF81CCAE4E700E0B180 /* LaunchScreen.storyboard */ = {
			isa = PBXVariantGroup;
			children = (
				8C18FCF91CCAE4E700E0B180 /* Base */,
			);
			name = LaunchScreen.storyboard;
			sourceTree = "<group>";
		};
/* End PBXVariantGroup section */

/* Begin XCBuildConfiguration section */
		8C18FCFC1CCAE4E700E0B180 /* Debug */ = {
			isa = XCBuildConfiguration;
			buildSettings = {
				ALWAYS_SEARCH_USER_PATHS = NO;
				CLANG_ANALYZER_NONNULL = YES;
				CLANG_CXX_LANGUAGE_STANDARD = "gnu++0x";
				CLANG_CXX_LIBRARY = "libc++";
				CLANG_ENABLE_MODULES = YES;
				CLANG_ENABLE_OBJC_ARC = YES;
				CLANG_WARN_BOOL_CONVERSION = YES;
				CLANG_WARN_CONSTANT_CONVERSION = YES;
				CLANG_WARN_DIRECT_OBJC_ISA_USAGE = YES_ERROR;
				CLANG_WARN_EMPTY_BODY = YES;
				CLANG_WARN_ENUM_CONVERSION = YES;
				CLANG_WARN_INT_CONVERSION = YES;
				CLANG_WARN_OBJC_ROOT_CLASS = YES_ERROR;
				CLANG_WARN_UNREACHABLE_CODE = YES;
				CLANG_WARN__DUPLICATE_METHOD_MATCH = YES;
				"CODE_SIGN_IDENTITY[sdk=iphoneos*]" = "iPhone Developer";
				COPY_PHASE_STRIP = NO;
				DEBUG_INFORMATION_FORMAT = dwarf;
				ENABLE_STRICT_OBJC_MSGSEND = YES;
				ENABLE_TESTABILITY = YES;
				GCC_C_LANGUAGE_STANDARD = gnu99;
				GCC_DYNAMIC_NO_PIC = NO;
				GCC_NO_COMMON_BLOCKS = YES;
				GCC_OPTIMIZATION_LEVEL = 0;
				GCC_PREPROCESSOR_DEFINITIONS = (
					"DEBUG=1",
					"$(inherited)",
				);
				GCC_WARN_64_TO_32_BIT_CONVERSION = YES;
				GCC_WARN_ABOUT_RETURN_TYPE = YES_ERROR;
				GCC_WARN_UNDECLARED_SELECTOR = YES;
				GCC_WARN_UNINITIALIZED_AUTOS = YES_AGGRESSIVE;
				GCC_WARN_UNUSED_FUNCTION = YES;
				GCC_WARN_UNUSED_VARIABLE = YES;
				IPHONEOS_DEPLOYMENT_TARGET = 9.3;
				MTL_ENABLE_DEBUG_INFO = YES;
				ONLY_ACTIVE_ARCH = YES;
				SDKROOT = iphoneos;
				TARGETED_DEVICE_FAMILY = "1,2";
			};
			name = Debug;
		};
		8C18FCFD1CCAE4E700E0B180 /* Release */ = {
			isa = XCBuildConfiguration;
			buildSettings = {
				ALWAYS_SEARCH_USER_PATHS = NO;
				CLANG_ANALYZER_NONNULL = YES;
				CLANG_CXX_LANGUAGE_STANDARD = "gnu++0x";
				CLANG_CXX_LIBRARY = "libc++";
				CLANG_ENABLE_MODULES = YES;
				CLANG_ENABLE_OBJC_ARC = YES;
				CLANG_WARN_BOOL_CONVERSION = YES;
				CLANG_WARN_CONSTANT_CONVERSION = YES;
				CLANG_WARN_DIRECT_OBJC_ISA_USAGE = YES_ERROR;
				CLANG_WARN_EMPTY_BODY = YES;
				CLANG_WARN_ENUM_CONVERSION = YES;
				CLANG_WARN_INT_CONVERSION = YES;
				CLANG_WARN_OBJC_ROOT_CLASS = YES_ERROR;
				CLANG_WARN_UNREACHABLE_CODE = YES;
				CLANG_WARN__DUPLICATE_METHOD_MATCH = YES;
				"CODE_SIGN_IDENTITY[sdk=iphoneos*]" = "iPhone Developer";
				COPY_PHASE_STRIP = NO;
				DEBUG_INFORMATION_FORMAT = "dwarf-with-dsym";
				ENABLE_NS_ASSERTIONS = NO;
				ENABLE_STRICT_OBJC_MSGSEND = YES;
				GCC_C_LANGUAGE_STANDARD = gnu99;
				GCC_NO_COMMON_BLOCKS = YES;
				GCC_WARN_64_TO_32_BIT_CONVERSION = YES;
				GCC_WARN_ABOUT_RETURN_TYPE = YES_ERROR;
				GCC_WARN_UNDECLARED_SELECTOR = YES;
				GCC_WARN_UNINITIALIZED_AUTOS = YES_AGGRESSIVE;
				GCC_WARN_UNUSED_FUNCTION = YES;
				GCC_WARN_UNUSED_VARIABLE = YES;
				IPHONEOS_DEPLOYMENT_TARGET = 9.3;
				MTL_ENABLE_DEBUG_INFO = NO;
				SDKROOT = iphoneos;
				TARGETED_DEVICE_FAMILY = "1,2";
				VALIDATE_PRODUCT = YES;
			};
			name = Release;
		};
		8C18FCFF1CCAE4E700E0B180 /* Debug */ = {
			isa = XCBuildConfiguration;
			buildSettings = {
				ASSETCATALOG_COMPILER_APPICON_NAME = AppIcon;
				CLANG_ENABLE_MODULES = YES;
				INFOPLIST_FILE = "Hero Tracker/Info.plist";
				LD_RUNPATH_SEARCH_PATHS = "$(inherited) @executable_path/Frameworks";
				PRODUCT_BUNDLE_IDENTIFIER = "nickperkins.Hero-Tracker";
				PRODUCT_NAME = "$(TARGET_NAME)";
				SWIFT_OBJC_BRIDGING_HEADER = "Hero Tracker-Bridging-Header.h";
				SWIFT_OPTIMIZATION_LEVEL = "-Onone";
			};
			name = Debug;
		};
		8C18FD001CCAE4E700E0B180 /* Release */ = {
			isa = XCBuildConfiguration;
			buildSettings = {
				ASSETCATALOG_COMPILER_APPICON_NAME = AppIcon;
				CLANG_ENABLE_MODULES = YES;
				INFOPLIST_FILE = "Hero Tracker/Info.plist";
				LD_RUNPATH_SEARCH_PATHS = "$(inherited) @executable_path/Frameworks";
				PRODUCT_BUNDLE_IDENTIFIER = "nickperkins.Hero-Tracker";
				PRODUCT_NAME = "$(TARGET_NAME)";
				SWIFT_OBJC_BRIDGING_HEADER = "Hero Tracker-Bridging-Header.h";
			};
			name = Release;
		};
/* End XCBuildConfiguration section */

/* Begin XCConfigurationList section */
		8C18FCE21CCAE4E700E0B180 /* Build configuration list for PBXProject "Hero Tracker" */ = {
			isa = XCConfigurationList;
			buildConfigurations = (
				8C18FCFC1CCAE4E700E0B180 /* Debug */,
				8C18FCFD1CCAE4E700E0B180 /* Release */,
			);
			defaultConfigurationIsVisible = 0;
			defaultConfigurationName = Release;
		};
		8C18FCFE1CCAE4E700E0B180 /* Build configuration list for PBXNativeTarget "Hero Tracker" */ = {
			isa = XCConfigurationList;
			buildConfigurations = (
				8C18FCFF1CCAE4E700E0B180 /* Debug */,
				8C18FD001CCAE4E700E0B180 /* Release */,
			);
			defaultConfigurationIsVisible = 0;
		};
/* End XCConfigurationList section */
	};
	rootObject = 8C18FCDF1CCAE4E700E0B180 /* Project object */;
}
